// !$*UTF8*$!
{
	archiveVersion = 1;
	classes = {
	};
	objectVersion = 50;
	objects = {

/* Begin PBXBuildFile section */
		AC2724382270C7C800F3509F /* AppDelegate.swift in Sources */ = {isa = PBXBuildFile; fileRef = AC2724372270C7C800F3509F /* AppDelegate.swift */; };
		AC27243A2270C7C800F3509F /* ViewController.swift in Sources */ = {isa = PBXBuildFile; fileRef = AC2724392270C7C800F3509F /* ViewController.swift */; };
		AC27243D2270C7C800F3509F /* Main.storyboard in Resources */ = {isa = PBXBuildFile; fileRef = AC27243B2270C7C800F3509F /* Main.storyboard */; };
		AC27243F2270C7CA00F3509F /* Assets.xcassets in Resources */ = {isa = PBXBuildFile; fileRef = AC27243E2270C7CA00F3509F /* Assets.xcassets */; };
		AC2724422270C7CA00F3509F /* LaunchScreen.storyboard in Resources */ = {isa = PBXBuildFile; fileRef = AC2724402270C7CA00F3509F /* LaunchScreen.storyboard */; };
		AC27244A2270D7BC00F3509F /* Figure.swift in Sources */ = {isa = PBXBuildFile; fileRef = AC2724492270D7BC00F3509F /* Figure.swift */; };
/* End PBXBuildFile section */

/* Begin PBXFileReference section */
		AC2724342270C7C800F3509F /* UIDynamicGravitationAndCollision.app */ = {isa = PBXFileReference; explicitFileType = wrapper.application; includeInIndex = 0; path = UIDynamicGravitationAndCollision.app; sourceTree = BUILT_PRODUCTS_DIR; };
		AC2724372270C7C800F3509F /* AppDelegate.swift */ = {isa = PBXFileReference; lastKnownFileType = sourcecode.swift; path = AppDelegate.swift; sourceTree = "<group>"; };
		AC2724392270C7C800F3509F /* ViewController.swift */ = {isa = PBXFileReference; lastKnownFileType = sourcecode.swift; path = ViewController.swift; sourceTree = "<group>"; };
		AC27243C2270C7C800F3509F /* Base */ = {isa = PBXFileReference; lastKnownFileType = file.storyboard; name = Base; path = Base.lproj/Main.storyboard; sourceTree = "<group>"; };
		AC27243E2270C7CA00F3509F /* Assets.xcassets */ = {isa = PBXFileReference; lastKnownFileType = folder.assetcatalog; path = Assets.xcassets; sourceTree = "<group>"; };
		AC2724412270C7CA00F3509F /* Base */ = {isa = PBXFileReference; lastKnownFileType = file.storyboard; name = Base; path = Base.lproj/LaunchScreen.storyboard; sourceTree = "<group>"; };
		AC2724432270C7CA00F3509F /* Info.plist */ = {isa = PBXFileReference; lastKnownFileType = text.plist.xml; path = Info.plist; sourceTree = "<group>"; };
		AC2724492270D7BC00F3509F /* Figure.swift */ = {isa = PBXFileReference; lastKnownFileType = sourcecode.swift; path = Figure.swift; sourceTree = "<group>"; };
/* End PBXFileReference section */

/* Begin PBXFrameworksBuildPhase section */
		AC2724312270C7C800F3509F /* Frameworks */ = {
			isa = PBXFrameworksBuildPhase;
			buildActionMask = 2147483647;
			files = (
			);
			runOnlyForDeploymentPostprocessing = 0;
		};
/* End PBXFrameworksBuildPhase section */

/* Begin PBXGroup section */
		AC27242B2270C7C800F3509F = {
			isa = PBXGroup;
			children = (
				AC2724362270C7C800F3509F /* UIDynamicGravitationAndCollision */,
				AC2724352270C7C800F3509F /* Products */,
			);
			sourceTree = "<group>";
		};
		AC2724352270C7C800F3509F /* Products */ = {
			isa = PBXGroup;
			children = (
				AC2724342270C7C800F3509F /* UIDynamicGravitationAndCollision.app */,
			);
			name = Products;
			sourceTree = "<group>";
		};
		AC2724362270C7C800F3509F /* UIDynamicGravitationAndCollision */ = {
			isa = PBXGroup;
			children = (
				AC2724372270C7C800F3509F /* AppDelegate.swift */,
				AC2724392270C7C800F3509F /* ViewController.swift */,
				AC2724492270D7BC00F3509F /* Figure.swift */,
				AC27243B2270C7C800F3509F /* Main.storyboard */,
				AC27243E2270C7CA00F3509F /* Assets.xcassets */,
				AC2724402270C7CA00F3509F /* LaunchScreen.storyboard */,
				AC2724432270C7CA00F3509F /* Info.plist */,
			);
			path = UIDynamicGravitationAndCollision;
			sourceTree = "<group>";
		};
/* End PBXGroup section */

/* Begin PBXNativeTarget section */
		AC2724332270C7C800F3509F /* UIDynamicGravitationAndCollision */ = {
			isa = PBXNativeTarget;
			buildConfigurationList = AC2724462270C7CA00F3509F /* Build configuration list for PBXNativeTarget "UIDynamicGravitationAndCollision" */;
			buildPhases = (
				AC2724302270C7C800F3509F /* Sources */,
				AC2724312270C7C800F3509F /* Frameworks */,
				AC2724322270C7C800F3509F /* Resources */,
			);
			buildRules = (
			);
			dependencies = (
			);
			name = UIDynamicGravitationAndCollision;
			productName = UIDynamicGravitationAndCollision;
			productReference = AC2724342270C7C800F3509F /* UIDynamicGravitationAndCollision.app */;
			productType = "com.apple.product-type.application";
		};
/* End PBXNativeTarget section */

/* Begin PBXProject section */
		AC27242C2270C7C800F3509F /* Project object */ = {
			isa = PBXProject;
			attributes = {
				LastSwiftUpdateCheck = 1020;
				LastUpgradeCheck = 1020;
				ORGANIZATIONNAME = "Артем";
				TargetAttributes = {
					AC2724332270C7C800F3509F = {
						CreatedOnToolsVersion = 10.2;
					};
				};
			};
			buildConfigurationList = AC27242F2270C7C800F3509F /* Build configuration list for PBXProject "UIDynamicGravitationAndCollision" */;
			compatibilityVersion = "Xcode 9.3";
			developmentRegion = en;
			hasScannedForEncodings = 0;
			knownRegions = (
				en,
				Base,
			);
			mainGroup = AC27242B2270C7C800F3509F;
			productRefGroup = AC2724352270C7C800F3509F /* Products */;
			projectDirPath = "";
			projectRoot = "";
			targets = (
				AC2724332270C7C800F3509F /* UIDynamicGravitationAndCollision */,
			);
		};
/* End PBXProject section */

/* Begin PBXResourcesBuildPhase section */
		AC2724322270C7C800F3509F /* Resources */ = {
			isa = PBXResourcesBuildPhase;
			buildActionMask = 2147483647;
			files = (
				AC2724422270C7CA00F3509F /* LaunchScreen.storyboard in Resources */,
				AC27243F2270C7CA00F3509F /* Assets.xcassets in Resources */,
				AC27243D2270C7C800F3509F /* Main.storyboard in Resources */,
			);
			runOnlyForDeploymentPostprocessing = 0;
		};
/* End PBXResourcesBuildPhase section */

/* Begin PBXSourcesBuildPhase section */
		AC2724302270C7C800F3509F /* Sources */ = {
			isa = PBXSourcesBuildPhase;
			buildActionMask = 2147483647;
			files = (
				AC27243A2270C7C800F3509F /* ViewController.swift in Sources */,
				AC2724382270C7C800F3509F /* AppDelegate.swift in Sources */,
				AC27244A2270D7BC00F3509F /* Figure.swift in Sources */,
			);
			runOnlyForDeploymentPostprocessing = 0;
		};
/* End PBXSourcesBuildPhase section */

/* Begin PBXVariantGroup section */
		AC27243B2270C7C800F3509F /* Main.storyboard */ = {
			isa = PBXVariantGroup;
			children = (
				AC27243C2270C7C800F3509F /* Base */,
			);
			name = Main.storyboard;
			sourceTree = "<group>";
		};
		AC2724402270C7CA00F3509F /* LaunchScreen.storyboard */ = {
			isa = PBXVariantGroup;
			children = (
				AC2724412270C7CA00F3509F /* Base */,
			);
			name = LaunchScreen.storyboard;
			sourceTree = "<group>";
		};
/* End PBXVariantGroup section */

/* Begin XCBuildConfiguration section */
		AC2724442270C7CA00F3509F /* Debug */ = {
			isa = XCBuildConfiguration;
			buildSettings = {
				ALWAYS_SEARCH_USER_PATHS = NO;
				CLANG_ANALYZER_NONNULL = YES;
				CLANG_ANALYZER_NUMBER_OBJECT_CONVERSION = YES_AGGRESSIVE;
				CLANG_CXX_LANGUAGE_STANDARD = "gnu++14";
				CLANG_CXX_LIBRARY = "libc++";
				CLANG_ENABLE_MODULES = YES;
				CLANG_ENABLE_OBJC_ARC = YES;
				CLANG_ENABLE_OBJC_WEAK = YES;
				CLANG_WARN_BLOCK_CAPTURE_AUTORELEASING = YES;
				CLANG_WARN_BOOL_CONVERSION = YES;
				CLANG_WARN_COMMA = YES;
				CLANG_WARN_CONSTANT_CONVERSION = YES;
				CLANG_WARN_DEPRECATED_OBJC_IMPLEMENTATIONS = YES;
				CLANG_WARN_DIRECT_OBJC_ISA_USAGE = YES_ERROR;
				CLANG_WARN_DOCUMENTATION_COMMENTS = YES;
				CLANG_WARN_EMPTY_BODY = YES;
				CLANG_WARN_ENUM_CONVERSION = YES;
				CLANG_WARN_INFINITE_RECURSION = YES;
				CLANG_WARN_INT_CONVERSION = YES;
				CLANG_WARN_NON_LITERAL_NULL_CONVERSION = YES;
				CLANG_WARN_OBJC_IMPLICIT_RETAIN_SELF = YES;
				CLANG_WARN_OBJC_LITERAL_CONVERSION = YES;
				CLANG_WARN_OBJC_ROOT_CLASS = YES_ERROR;
				CLANG_WARN_RANGE_LOOP_ANALYSIS = YES;
				CLANG_WARN_STRICT_PROTOTYPES = YES;
				CLANG_WARN_SUSPICIOUS_MOVE = YES;
				CLANG_WARN_UNGUARDED_AVAILABILITY = YES_AGGRESSIVE;
				CLANG_WARN_UNREACHABLE_CODE = YES;
				CLANG_WARN__DUPLICATE_METHOD_MATCH = YES;
				CODE_SIGN_IDENTITY = "iPhone Developer";
				COPY_PHASE_STRIP = NO;
				DEBUG_INFORMATION_FORMAT = dwarf;
				ENABLE_STRICT_OBJC_MSGSEND = YES;
				ENABLE_TESTABILITY = YES;
				GCC_C_LANGUAGE_STANDARD = gnu11;
				GCC_DYNAMIC_NO_PIC = NO;
				GCC_NO_COMMON_BLOCKS = YES;
				GCC_OPTIMIZATION_LEVEL = 0;
				GCC_PREPROCESSOR_DEFINITIONS = (
					"DEBUG=1",
					"$(inherited)",
				);
				GCC_WARN_64_TO_32_BIT_CONVERSION = YES;
				GCC_WARN_ABOUT_RETURN_TYPE = YES_ERROR;
				GCC_WARN_UNDECLARED_SELECTOR = YES;
				GCC_WARN_UNINITIALIZED_AUTOS = YES_AGGRESSIVE;
				GCC_WARN_UNUSED_FUNCTION = YES;
				GCC_WARN_UNUSED_VARIABLE = YES;
				IPHONEOS_DEPLOYMENT_TARGET = 12.2;
				MTL_ENABLE_DEBUG_INFO = INCLUDE_SOURCE;
				MTL_FAST_MATH = YES;
				ONLY_ACTIVE_ARCH = YES;
				SDKROOT = iphoneos;
				SWIFT_ACTIVE_COMPILATION_CONDITIONS = DEBUG;
				SWIFT_OPTIMIZATION_LEVEL = "-Onone";
			};
			name = Debug;
		};
		AC2724452270C7CA00F3509F /* Release */ = {
			isa = XCBuildConfiguration;
			buildSettings = {
				ALWAYS_SEARCH_USER_PATHS = NO;
				CLANG_ANALYZER_NONNULL = YES;
				CLANG_ANALYZER_NUMBER_OBJECT_CONVERSION = YES_AGGRESSIVE;
				CLANG_CXX_LANGUAGE_STANDARD = "gnu++14";
				CLANG_CXX_LIBRARY = "libc++";
				CLANG_ENABLE_MODULES = YES;
				CLANG_ENABLE_OBJC_ARC = YES;
				CLANG_ENABLE_OBJC_WEAK = YES;
				CLANG_WARN_BLOCK_CAPTURE_AUTORELEASING = YES;
				CLANG_WARN_BOOL_CONVERSION = YES;
				CLANG_WARN_COMMA = YES;
				CLANG_WARN_CONSTANT_CONVERSION = YES;
				CLANG_WARN_DEPRECATED_OBJC_IMPLEMENTATIONS = YES;
				CLANG_WARN_DIRECT_OBJC_ISA_USAGE = YES_ERROR;
				CLANG_WARN_DOCUMENTATION_COMMENTS = YES;
				CLANG_WARN_EMPTY_BODY = YES;
				CLANG_WARN_ENUM_CONVERSION = YES;
				CLANG_WARN_INFINITE_RECURSION = YES;
				CLANG_WARN_INT_CONVERSION = YES;
				CLANG_WARN_NON_LITERAL_NULL_CONVERSION = YES;
				CLANG_WARN_OBJC_IMPLICIT_RETAIN_SELF = YES;
				CLANG_WARN_OBJC_LITERAL_CONVERSION = YES;
				CLANG_WARN_OBJC_ROOT_CLASS = YES_ERROR;
				CLANG_WARN_RANGE_LOOP_ANALYSIS = YES;
				CLANG_WARN_STRICT_PROTOTYPES = YES;
				CLANG_WARN_SUSPICIOUS_MOVE = YES;
				CLANG_WARN_UNGUARDED_AVAILABILITY = YES_AGGRESSIVE;
				CLANG_WARN_UNREACHABLE_CODE = YES;
				CLANG_WARN__DUPLICATE_METHOD_MATCH = YES;
				CODE_SIGN_IDENTITY = "iPhone Developer";
				COPY_PHASE_STRIP = NO;
				DEBUG_INFORMATION_FORMAT = "dwarf-with-dsym";
				ENABLE_NS_ASSERTIONS = NO;
				ENABLE_STRICT_OBJC_MSGSEND = YES;
				GCC_C_LANGUAGE_STANDARD = gnu11;
				GCC_NO_COMMON_BLOCKS = YES;
				GCC_WARN_64_TO_32_BIT_CONVERSION = YES;
				GCC_WARN_ABOUT_RETURN_TYPE = YES_ERROR;
				GCC_WARN_UNDECLARED_SELECTOR = YES;
				GCC_WARN_UNINITIALIZED_AUTOS = YES_AGGRESSIVE;
				GCC_WARN_UNUSED_FUNCTION = YES;
				GCC_WARN_UNUSED_VARIABLE = YES;
				IPHONEOS_DEPLOYMENT_TARGET = 12.2;
				MTL_ENABLE_DEBUG_INFO = NO;
				MTL_FAST_MATH = YES;
				SDKROOT = iphoneos;
				SWIFT_COMPILATION_MODE = wholemodule;
				SWIFT_OPTIMIZATION_LEVEL = "-O";
				VALIDATE_PRODUCT = YES;
			};
			name = Release;
		};
		AC2724472270C7CA00F3509F /* Debug */ = {
			isa = XCBuildConfiguration;
			buildSettings = {
				ASSETCATALOG_COMPILER_APPICON_NAME = AppIcon;
				CODE_SIGN_STYLE = Automatic;
				INFOPLIST_FILE = UIDynamicGravitationAndCollision/Info.plist;
				LD_RUNPATH_SEARCH_PATHS = (
					"$(inherited)",
					"@executable_path/Frameworks",
				);
				PRODUCT_BUNDLE_IDENTIFIER = Art.UIDynamicGravitationAndCollision;
				PRODUCT_NAME = "$(TARGET_NAME)";
				SWIFT_VERSION = 5.0;
				TARGETED_DEVICE_FAMILY = "1,2";
			};
			name = Debug;
		};
		AC2724482270C7CA00F3509F /* Release */ = {
			isa = XCBuildConfiguration;
			buildSettings = {
				ASSETCATALOG_COMPILER_APPICON_NAME = AppIcon;
				CODE_SIGN_STYLE = Automatic;
				INFOPLIST_FILE = UIDynamicGravitationAndCollision/Info.plist;
				LD_RUNPATH_SEARCH_PATHS = (
					"$(inherited)",
					"@executable_path/Frameworks",
				);
				PRODUCT_BUNDLE_IDENTIFIER = Art.UIDynamicGravitationAndCollision;
				PRODUCT_NAME = "$(TARGET_NAME)";
				SWIFT_VERSION = 5.0;
				TARGETED_DEVICE_FAMILY = "1,2";
			};
			name = Release;
		};
/* End XCBuildConfiguration section */

/* Begin XCConfigurationList section */
		AC27242F2270C7C800F3509F /* Build configuration list for PBXProject "UIDynamicGravitationAndCollision" */ = {
			isa = XCConfigurationList;
			buildConfigurations = (
				AC2724442270C7CA00F3509F /* Debug */,
				AC2724452270C7CA00F3509F /* Release */,
			);
			defaultConfigurationIsVisible = 0;
			defaultConfigurationName = Release;
		};
		AC2724462270C7CA00F3509F /* Build configuration list for PBXNativeTarget "UIDynamicGravitationAndCollision" */ = {
			isa = XCConfigurationList;
			buildConfigurations = (
				AC2724472270C7CA00F3509F /* Debug */,
				AC2724482270C7CA00F3509F /* Release */,
			);
			defaultConfigurationIsVisible = 0;
			defaultConfigurationName = Release;
		};
/* End XCConfigurationList section */
	};
	rootObject = AC27242C2270C7C800F3509F /* Project object */;
}
